// !$*UTF8*$!
{
	archiveVersion = 1;
	classes = {
	};
	objectVersion = 46;
	objects = {

/* Begin PBXBuildFile section */
		F7220ACB1A8C27C1003E7370 /* AppDelegate.swift in Sources */ = {isa = PBXBuildFile; fileRef = F7220ACA1A8C27C1003E7370 /* AppDelegate.swift */; };
		F7220ACD1A8C27C1003E7370 /* ViewController.swift in Sources */ = {isa = PBXBuildFile; fileRef = F7220ACC1A8C27C1003E7370 /* ViewController.swift */; };
		F7220AD01A8C27C1003E7370 /* Main.storyboard in Resources */ = {isa = PBXBuildFile; fileRef = F7220ACE1A8C27C1003E7370 /* Main.storyboard */; };
		F7220AD21A8C27C1003E7370 /* Images.xcassets in Resources */ = {isa = PBXBuildFile; fileRef = F7220AD11A8C27C1003E7370 /* Images.xcassets */; };
		F7220AD51A8C27C1003E7370 /* LaunchScreen.xib in Resources */ = {isa = PBXBuildFile; fileRef = F7220AD31A8C27C1003E7370 /* LaunchScreen.xib */; };
		F7220AE11A8C27C1003E7370 /* ArrowViewTests.swift in Sources */ = {isa = PBXBuildFile; fileRef = F7220AE01A8C27C1003E7370 /* ArrowViewTests.swift */; };
		F7220AEC1A8C2800003E7370 /* JGArrow.m in Sources */ = {isa = PBXBuildFile; fileRef = F7220AEB1A8C2800003E7370 /* JGArrow.m */; };
		F7220AF01A8C2CAF003E7370 /* ArrowView.swift in Sources */ = {isa = PBXBuildFile; fileRef = F7220AEF1A8C2CAF003E7370 /* ArrowView.swift */; };
/* End PBXBuildFile section */

/* Begin PBXContainerItemProxy section */
		F7220ADB1A8C27C1003E7370 /* PBXContainerItemProxy */ = {
			isa = PBXContainerItemProxy;
			containerPortal = F7220ABD1A8C27C1003E7370 /* Project object */;
			proxyType = 1;
			remoteGlobalIDString = F7220AC41A8C27C1003E7370;
			remoteInfo = ArrowView;
		};
/* End PBXContainerItemProxy section */

/* Begin PBXFileReference section */
		F7220AC51A8C27C1003E7370 /* ArrowView.app */ = {isa = PBXFileReference; explicitFileType = wrapper.application; includeInIndex = 0; path = ArrowView.app; sourceTree = BUILT_PRODUCTS_DIR; };
		F7220AC91A8C27C1003E7370 /* Info.plist */ = {isa = PBXFileReference; lastKnownFileType = text.plist.xml; path = Info.plist; sourceTree = "<group>"; };
		F7220ACA1A8C27C1003E7370 /* AppDelegate.swift */ = {isa = PBXFileReference; lastKnownFileType = sourcecode.swift; path = AppDelegate.swift; sourceTree = "<group>"; };
		F7220ACC1A8C27C1003E7370 /* ViewController.swift */ = {isa = PBXFileReference; lastKnownFileType = sourcecode.swift; path = ViewController.swift; sourceTree = "<group>"; };
		F7220ACF1A8C27C1003E7370 /* Base */ = {isa = PBXFileReference; lastKnownFileType = file.storyboard; name = Base; path = Base.lproj/Main.storyboard; sourceTree = "<group>"; };
		F7220AD11A8C27C1003E7370 /* Images.xcassets */ = {isa = PBXFileReference; lastKnownFileType = folder.assetcatalog; path = Images.xcassets; sourceTree = "<group>"; };
		F7220AD41A8C27C1003E7370 /* Base */ = {isa = PBXFileReference; lastKnownFileType = file.xib; name = Base; path = Base.lproj/LaunchScreen.xib; sourceTree = "<group>"; };
		F7220ADA1A8C27C1003E7370 /* ArrowViewTests.xctest */ = {isa = PBXFileReference; explicitFileType = wrapper.cfbundle; includeInIndex = 0; path = ArrowViewTests.xctest; sourceTree = BUILT_PRODUCTS_DIR; };
		F7220ADF1A8C27C1003E7370 /* Info.plist */ = {isa = PBXFileReference; lastKnownFileType = text.plist.xml; path = Info.plist; sourceTree = "<group>"; };
		F7220AE01A8C27C1003E7370 /* ArrowViewTests.swift */ = {isa = PBXFileReference; lastKnownFileType = sourcecode.swift; path = ArrowViewTests.swift; sourceTree = "<group>"; };
		F7220AEA1A8C2800003E7370 /* JGArrow.h */ = {isa = PBXFileReference; fileEncoding = 4; lastKnownFileType = sourcecode.c.h; name = JGArrow.h; path = ../../../JGKit/JGArrow.h; sourceTree = "<group>"; };
		F7220AEB1A8C2800003E7370 /* JGArrow.m */ = {isa = PBXFileReference; fileEncoding = 4; lastKnownFileType = sourcecode.c.objc; name = JGArrow.m; path = ../../../JGKit/JGArrow.m; sourceTree = "<group>"; };
		F7220AEF1A8C2CAF003E7370 /* ArrowView.swift */ = {isa = PBXFileReference; fileEncoding = 4; lastKnownFileType = sourcecode.swift; path = ArrowView.swift; sourceTree = "<group>"; };
/* End PBXFileReference section */

/* Begin PBXFrameworksBuildPhase section */
		F7220AC21A8C27C1003E7370 /* Frameworks */ = {
			isa = PBXFrameworksBuildPhase;
			buildActionMask = 2147483647;
			files = (
			);
			runOnlyForDeploymentPostprocessing = 0;
		};
		F7220AD71A8C27C1003E7370 /* Frameworks */ = {
			isa = PBXFrameworksBuildPhase;
			buildActionMask = 2147483647;
			files = (
			);
			runOnlyForDeploymentPostprocessing = 0;
		};
/* End PBXFrameworksBuildPhase section */

/* Begin PBXGroup section */
		F7220ABC1A8C27C1003E7370 = {
			isa = PBXGroup;
			children = (
				F7220AC71A8C27C1003E7370 /* ArrowView */,
				F7220ADD1A8C27C1003E7370 /* ArrowViewTests */,
				F7220AC61A8C27C1003E7370 /* Products */,
			);
			sourceTree = "<group>";
		};
		F7220AC61A8C27C1003E7370 /* Products */ = {
			isa = PBXGroup;
			children = (
				F7220AC51A8C27C1003E7370 /* ArrowView.app */,
				F7220ADA1A8C27C1003E7370 /* ArrowViewTests.xctest */,
			);
			name = Products;
			sourceTree = "<group>";
		};
		F7220AC71A8C27C1003E7370 /* ArrowView */ = {
			isa = PBXGroup;
			children = (
				F7220AEA1A8C2800003E7370 /* JGArrow.h */,
				F7220AEB1A8C2800003E7370 /* JGArrow.m */,
				F7220ACA1A8C27C1003E7370 /* AppDelegate.swift */,
				F7220ACC1A8C27C1003E7370 /* ViewController.swift */,
				F7220ACE1A8C27C1003E7370 /* Main.storyboard */,
				F7220AD11A8C27C1003E7370 /* Images.xcassets */,
				F7220AD31A8C27C1003E7370 /* LaunchScreen.xib */,
				F7220AC81A8C27C1003E7370 /* Supporting Files */,
				F7220AEF1A8C2CAF003E7370 /* ArrowView.swift */,
			);
			path = ArrowView;
			sourceTree = "<group>";
		};
		F7220AC81A8C27C1003E7370 /* Supporting Files */ = {
			isa = PBXGroup;
			children = (
				F7220AC91A8C27C1003E7370 /* Info.plist */,
			);
			name = "Supporting Files";
			sourceTree = "<group>";
		};
		F7220ADD1A8C27C1003E7370 /* ArrowViewTests */ = {
			isa = PBXGroup;
			children = (
				F7220AE01A8C27C1003E7370 /* ArrowViewTests.swift */,
				F7220ADE1A8C27C1003E7370 /* Supporting Files */,
			);
			path = ArrowViewTests;
			sourceTree = "<group>";
		};
		F7220ADE1A8C27C1003E7370 /* Supporting Files */ = {
			isa = PBXGroup;
			children = (
				F7220ADF1A8C27C1003E7370 /* Info.plist */,
			);
			name = "Supporting Files";
			sourceTree = "<group>";
		};
/* End PBXGroup section */

/* Begin PBXNativeTarget section */
		F7220AC41A8C27C1003E7370 /* ArrowView */ = {
			isa = PBXNativeTarget;
			buildConfigurationList = F7220AE41A8C27C1003E7370 /* Build configuration list for PBXNativeTarget "ArrowView" */;
			buildPhases = (
				F7220AC11A8C27C1003E7370 /* Sources */,
				F7220AC21A8C27C1003E7370 /* Frameworks */,
				F7220AC31A8C27C1003E7370 /* Resources */,
			);
			buildRules = (
			);
			dependencies = (
			);
			name = ArrowView;
			productName = ArrowView;
			productReference = F7220AC51A8C27C1003E7370 /* ArrowView.app */;
			productType = "com.apple.product-type.application";
		};
		F7220AD91A8C27C1003E7370 /* ArrowViewTests */ = {
			isa = PBXNativeTarget;
			buildConfigurationList = F7220AE71A8C27C1003E7370 /* Build configuration list for PBXNativeTarget "ArrowViewTests" */;
			buildPhases = (
				F7220AD61A8C27C1003E7370 /* Sources */,
				F7220AD71A8C27C1003E7370 /* Frameworks */,
				F7220AD81A8C27C1003E7370 /* Resources */,
			);
			buildRules = (
			);
			dependencies = (
				F7220ADC1A8C27C1003E7370 /* PBXTargetDependency */,
			);
			name = ArrowViewTests;
			productName = ArrowViewTests;
			productReference = F7220ADA1A8C27C1003E7370 /* ArrowViewTests.xctest */;
			productType = "com.apple.product-type.bundle.unit-test";
		};
/* End PBXNativeTarget section */

/* Begin PBXProject section */
		F7220ABD1A8C27C1003E7370 /* Project object */ = {
			isa = PBXProject;
			attributes = {
				LastUpgradeCheck = 0610;
				ORGANIZATIONNAME = "Max Beizer";
				TargetAttributes = {
					F7220AC41A8C27C1003E7370 = {
						CreatedOnToolsVersion = 6.1.1;
					};
					F7220AD91A8C27C1003E7370 = {
						CreatedOnToolsVersion = 6.1.1;
						TestTargetID = F7220AC41A8C27C1003E7370;
					};
				};
			};
			buildConfigurationList = F7220AC01A8C27C1003E7370 /* Build configuration list for PBXProject "ArrowView" */;
			compatibilityVersion = "Xcode 3.2";
			developmentRegion = English;
			hasScannedForEncodings = 0;
			knownRegions = (
				en,
				Base,
			);
			mainGroup = F7220ABC1A8C27C1003E7370;
			productRefGroup = F7220AC61A8C27C1003E7370 /* Products */;
			projectDirPath = "";
			projectRoot = "";
			targets = (
				F7220AC41A8C27C1003E7370 /* ArrowView */,
				F7220AD91A8C27C1003E7370 /* ArrowViewTests */,
			);
		};
/* End PBXProject section */

/* Begin PBXResourcesBuildPhase section */
		F7220AC31A8C27C1003E7370 /* Resources */ = {
			isa = PBXResourcesBuildPhase;
			buildActionMask = 2147483647;
			files = (
				F7220AD01A8C27C1003E7370 /* Main.storyboard in Resources */,
				F7220AD51A8C27C1003E7370 /* LaunchScreen.xib in Resources */,
				F7220AD21A8C27C1003E7370 /* Images.xcassets in Resources */,
			);
			runOnlyForDeploymentPostprocessing = 0;
		};
		F7220AD81A8C27C1003E7370 /* Resources */ = {
			isa = PBXResourcesBuildPhase;
			buildActionMask = 2147483647;
			files = (
			);
			runOnlyForDeploymentPostprocessing = 0;
		};
/* End PBXResourcesBuildPhase section */

/* Begin PBXSourcesBuildPhase section */
		F7220AC11A8C27C1003E7370 /* Sources */ = {
			isa = PBXSourcesBuildPhase;
			buildActionMask = 2147483647;
			files = (
				F7220AF01A8C2CAF003E7370 /* ArrowView.swift in Sources */,
				F7220ACD1A8C27C1003E7370 /* ViewController.swift in Sources */,
				F7220ACB1A8C27C1003E7370 /* AppDelegate.swift in Sources */,
				F7220AEC1A8C2800003E7370 /* JGArrow.m in Sources */,
			);
			runOnlyForDeploymentPostprocessing = 0;
		};
		F7220AD61A8C27C1003E7370 /* Sources */ = {
			isa = PBXSourcesBuildPhase;
			buildActionMask = 2147483647;
			files = (
				F7220AE11A8C27C1003E7370 /* ArrowViewTests.swift in Sources */,
			);
			runOnlyForDeploymentPostprocessing = 0;
		};
/* End PBXSourcesBuildPhase section */

/* Begin PBXTargetDependency section */
		F7220ADC1A8C27C1003E7370 /* PBXTargetDependency */ = {
			isa = PBXTargetDependency;
			target = F7220AC41A8C27C1003E7370 /* ArrowView */;
			targetProxy = F7220ADB1A8C27C1003E7370 /* PBXContainerItemProxy */;
		};
/* End PBXTargetDependency section */

/* Begin PBXVariantGroup section */
		F7220ACE1A8C27C1003E7370 /* Main.storyboard */ = {
			isa = PBXVariantGroup;
			children = (
				F7220ACF1A8C27C1003E7370 /* Base */,
			);
			name = Main.storyboard;
			sourceTree = "<group>";
		};
		F7220AD31A8C27C1003E7370 /* LaunchScreen.xib */ = {
			isa = PBXVariantGroup;
			children = (
				F7220AD41A8C27C1003E7370 /* Base */,
			);
			name = LaunchScreen.xib;
			sourceTree = "<group>";
		};
/* End PBXVariantGroup section */

/* Begin XCBuildConfiguration section */
		F7220AE21A8C27C1003E7370 /* Debug */ = {
			isa = XCBuildConfiguration;
			buildSettings = {
				ALWAYS_SEARCH_USER_PATHS = NO;
				CLANG_CXX_LANGUAGE_STANDARD = "gnu++0x";
				CLANG_CXX_LIBRARY = "libc++";
				CLANG_ENABLE_MODULES = YES;
				CLANG_ENABLE_OBJC_ARC = YES;
				CLANG_WARN_BOOL_CONVERSION = YES;
				CLANG_WARN_CONSTANT_CONVERSION = YES;
				CLANG_WARN_DIRECT_OBJC_ISA_USAGE = YES_ERROR;
				CLANG_WARN_EMPTY_BODY = YES;
				CLANG_WARN_ENUM_CONVERSION = YES;
				CLANG_WARN_INT_CONVERSION = YES;
				CLANG_WARN_OBJC_ROOT_CLASS = YES_ERROR;
				CLANG_WARN_UNREACHABLE_CODE = YES;
				CLANG_WARN__DUPLICATE_METHOD_MATCH = YES;
				"CODE_SIGN_IDENTITY[sdk=iphoneos*]" = "iPhone Developer";
				COPY_PHASE_STRIP = NO;
				ENABLE_STRICT_OBJC_MSGSEND = YES;
				GCC_C_LANGUAGE_STANDARD = gnu99;
				GCC_DYNAMIC_NO_PIC = NO;
				GCC_OPTIMIZATION_LEVEL = 0;
				GCC_PREPROCESSOR_DEFINITIONS = (
					"DEBUG=1",
					"$(inherited)",
				);
				GCC_SYMBOLS_PRIVATE_EXTERN = NO;
				GCC_WARN_64_TO_32_BIT_CONVERSION = YES;
				GCC_WARN_ABOUT_RETURN_TYPE = YES_ERROR;
				GCC_WARN_UNDECLARED_SELECTOR = YES;
				GCC_WARN_UNINITIALIZED_AUTOS = YES_AGGRESSIVE;
				GCC_WARN_UNUSED_FUNCTION = YES;
				GCC_WARN_UNUSED_VARIABLE = YES;
				IPHONEOS_DEPLOYMENT_TARGET = 8.1;
				MTL_ENABLE_DEBUG_INFO = YES;
				ONLY_ACTIVE_ARCH = YES;
				SDKROOT = iphoneos;
				SWIFT_OPTIMIZATION_LEVEL = "-Onone";
				TARGETED_DEVICE_FAMILY = "1,2";
			};
			name = Debug;
		};
		F7220AE31A8C27C1003E7370 /* Release */ = {
			isa = XCBuildConfiguration;
			buildSettings = {
				ALWAYS_SEARCH_USER_PATHS = NO;
				CLANG_CXX_LANGUAGE_STANDARD = "gnu++0x";
				CLANG_CXX_LIBRARY = "libc++";
				CLANG_ENABLE_MODULES = YES;
				CLANG_ENABLE_OBJC_ARC = YES;
				CLANG_WARN_BOOL_CONVERSION = YES;
				CLANG_WARN_CONSTANT_CONVERSION = YES;
				CLANG_WARN_DIRECT_OBJC_ISA_USAGE = YES_ERROR;
				CLANG_WARN_EMPTY_BODY = YES;
				CLANG_WARN_ENUM_CONVERSION = YES;
				CLANG_WARN_INT_CONVERSION = YES;
				CLANG_WARN_OBJC_ROOT_CLASS = YES_ERROR;
				CLANG_WARN_UNREACHABLE_CODE = YES;
				CLANG_WARN__DUPLICATE_METHOD_MATCH = YES;
				"CODE_SIGN_IDENTITY[sdk=iphoneos*]" = "iPhone Developer";
				COPY_PHASE_STRIP = YES;
				ENABLE_NS_ASSERTIONS = NO;
				ENABLE_STRICT_OBJC_MSGSEND = YES;
				GCC_C_LANGUAGE_STANDARD = gnu99;
				GCC_WARN_64_TO_32_BIT_CONVERSION = YES;
				GCC_WARN_ABOUT_RETURN_TYPE = YES_ERROR;
				GCC_WARN_UNDECLARED_SELECTOR = YES;
				GCC_WARN_UNINITIALIZED_AUTOS = YES_AGGRESSIVE;
				GCC_WARN_UNUSED_FUNCTION = YES;
				GCC_WARN_UNUSED_VARIABLE = YES;
				IPHONEOS_DEPLOYMENT_TARGET = 8.1;
				MTL_ENABLE_DEBUG_INFO = NO;
				SDKROOT = iphoneos;
				TARGETED_DEVICE_FAMILY = "1,2";
				VALIDATE_PRODUCT = YES;
			};
			name = Release;
		};
		F7220AE51A8C27C1003E7370 /* Debug */ = {
			isa = XCBuildConfiguration;
			buildSettings = {
				ASSETCATALOG_COMPILER_APPICON_NAME = AppIcon;
				INFOPLIST_FILE = ArrowView/Info.plist;
				LD_RUNPATH_SEARCH_PATHS = "$(inherited) @executable_path/Frameworks";
				PRODUCT_NAME = "$(TARGET_NAME)";
			};
			name = Debug;
		};
		F7220AE61A8C27C1003E7370 /* Release */ = {
			isa = XCBuildConfiguration;
			buildSettings = {
				ASSETCATALOG_COMPILER_APPICON_NAME = AppIcon;
				INFOPLIST_FILE = ArrowView/Info.plist;
				LD_RUNPATH_SEARCH_PATHS = "$(inherited) @executable_path/Frameworks";
				PRODUCT_NAME = "$(TARGET_NAME)";
			};
			name = Release;
		};
		F7220AE81A8C27C1003E7370 /* Debug */ = {
			isa = XCBuildConfiguration;
			buildSettings = {
				BUNDLE_LOADER = "$(TEST_HOST)";
				FRAMEWORK_SEARCH_PATHS = (
					"$(SDKROOT)/Developer/Library/Frameworks",
					"$(inherited)",
				);
				GCC_PREPROCESSOR_DEFINITIONS = (
					"DEBUG=1",
					"$(inherited)",
				);
				INFOPLIST_FILE = ArrowViewTests/Info.plist;
				LD_RUNPATH_SEARCH_PATHS = "$(inherited) @executable_path/Frameworks @loader_path/Frameworks";
				PRODUCT_NAME = "$(TARGET_NAME)";
				TEST_HOST = "$(BUILT_PRODUCTS_DIR)/ArrowView.app/ArrowView";
			};
			name = Debug;
		};
		F7220AE91A8C27C1003E7370 /* Release */ = {
			isa = XCBuildConfiguration;
			buildSettings = {
				BUNDLE_LOADER = "$(TEST_HOST)";
				FRAMEWORK_SEARCH_PATHS = (
					"$(SDKROOT)/Developer/Library/Frameworks",
					"$(inherited)",
				);
				INFOPLIST_FILE = ArrowViewTests/Info.plist;
				LD_RUNPATH_SEARCH_PATHS = "$(inherited) @executable_path/Frameworks @loader_path/Frameworks";
				PRODUCT_NAME = "$(TARGET_NAME)";
				TEST_HOST = "$(BUILT_PRODUCTS_DIR)/ArrowView.app/ArrowView";
			};
			name = Release;
		};
/* End XCBuildConfiguration section */

/* Begin XCConfigurationList section */
		F7220AC01A8C27C1003E7370 /* Build configuration list for PBXProject "ArrowView" */ = {
			isa = XCConfigurationList;
			buildConfigurations = (
				F7220AE21A8C27C1003E7370 /* Debug */,
				F7220AE31A8C27C1003E7370 /* Release */,
			);
			defaultConfigurationIsVisible = 0;
			defaultConfigurationName = Release;
		};
		F7220AE41A8C27C1003E7370 /* Build configuration list for PBXNativeTarget "ArrowView" */ = {
			isa = XCConfigurationList;
			buildConfigurations = (
				F7220AE51A8C27C1003E7370 /* Debug */,
				F7220AE61A8C27C1003E7370 /* Release */,
			);
			defaultConfigurationIsVisible = 0;
		};
		F7220AE71A8C27C1003E7370 /* Build configuration list for PBXNativeTarget "ArrowViewTests" */ = {
			isa = XCConfigurationList;
			buildConfigurations = (
				F7220AE81A8C27C1003E7370 /* Debug */,
				F7220AE91A8C27C1003E7370 /* Release */,
			);
			defaultConfigurationIsVisible = 0;
		};
/* End XCConfigurationList section */
	};
	rootObject = F7220ABD1A8C27C1003E7370 /* Project object */;
}
